// !$*UTF8*$!
{
	archiveVersion = 1;
	classes = {
	};
	objectVersion = 55;
	objects = {

/* Begin PBXBuildFile section */
		6EBCF7442BEA906000D07C61 /* InjurappApp.swift in Sources */ = {isa = PBXBuildFile; fileRef = 6EBCF7432BEA906000D07C61 /* InjurappApp.swift */; };
		6EBCF7462BEA906000D07C61 /* ContentView.swift in Sources */ = {isa = PBXBuildFile; fileRef = 6EBCF7452BEA906000D07C61 /* ContentView.swift */; };
		6EBCF7482BEA906800D07C61 /* Assets.xcassets in Resources */ = {isa = PBXBuildFile; fileRef = 6EBCF7472BEA906800D07C61 /* Assets.xcassets */; };
		6EBCF74B2BEA906800D07C61 /* Preview Assets.xcassets in Resources */ = {isa = PBXBuildFile; fileRef = 6EBCF74A2BEA906800D07C61 /* Preview Assets.xcassets */; };
		6EBCF7552BEA906900D07C61 /* InjurappTests.swift in Sources */ = {isa = PBXBuildFile; fileRef = 6EBCF7542BEA906900D07C61 /* InjurappTests.swift */; };
/* End PBXBuildFile section */

/* Begin PBXContainerItemProxy section */
		6EBCF7512BEA906900D07C61 /* PBXContainerItemProxy */ = {
			isa = PBXContainerItemProxy;
			containerPortal = 6EBCF7382BEA906000D07C61 /* Project object */;
			proxyType = 1;
			remoteGlobalIDString = 6EBCF73F2BEA906000D07C61;
			remoteInfo = Injurapp;
		};
		6EBCF75B2BEA906900D07C61 /* PBXContainerItemProxy */ = {
			isa = PBXContainerItemProxy;
			containerPortal = 6EBCF7382BEA906000D07C61 /* Project object */;
			proxyType = 1;
			remoteGlobalIDString = 6EBCF73F2BEA906000D07C61;
			remoteInfo = Injurapp;
		};
/* End PBXContainerItemProxy section */

/* Begin PBXFileReference section */
		6EBCF7402BEA906000D07C61 /* Injurapp.app */ = {isa = PBXFileReference; explicitFileType = wrapper.application; includeInIndex = 0; path = Injurapp.app; sourceTree = BUILT_PRODUCTS_DIR; };
		6EBCF7432BEA906000D07C61 /* InjurappApp.swift */ = {isa = PBXFileReference; lastKnownFileType = sourcecode.swift; path = InjurappApp.swift; sourceTree = "<group>"; };
		6EBCF7452BEA906000D07C61 /* ContentView.swift */ = {isa = PBXFileReference; lastKnownFileType = sourcecode.swift; path = ContentView.swift; sourceTree = "<group>"; };
		6EBCF7472BEA906800D07C61 /* Assets.xcassets */ = {isa = PBXFileReference; lastKnownFileType = folder.assetcatalog; path = Assets.xcassets; sourceTree = "<group>"; };
		6EBCF74A2BEA906800D07C61 /* Preview Assets.xcassets */ = {isa = PBXFileReference; lastKnownFileType = folder.assetcatalog; path = "Preview Assets.xcassets"; sourceTree = "<group>"; };
		6EBCF7502BEA906900D07C61 /* InjurappTests.xctest */ = {isa = PBXFileReference; explicitFileType = wrapper.cfbundle; includeInIndex = 0; path = InjurappTests.xctest; sourceTree = BUILT_PRODUCTS_DIR; };
		6EBCF7542BEA906900D07C61 /* InjurappTests.swift */ = {isa = PBXFileReference; lastKnownFileType = sourcecode.swift; path = InjurappTests.swift; sourceTree = "<group>"; };
		6EBCF75A2BEA906900D07C61 /* InjurappUITests.xctest */ = {isa = PBXFileReference; explicitFileType = wrapper.cfbundle; includeInIndex = 0; path = InjurappUITests.xctest; sourceTree = BUILT_PRODUCTS_DIR; };
/* End PBXFileReference section */

/* Begin PBXFrameworksBuildPhase section */
		6EBCF73D2BEA906000D07C61 /* Frameworks */ = {
			isa = PBXFrameworksBuildPhase;
			buildActionMask = 2147483647;
			files = (
			);
			runOnlyForDeploymentPostprocessing = 0;
		};
		6EBCF74D2BEA906900D07C61 /* Frameworks */ = {
			isa = PBXFrameworksBuildPhase;
			buildActionMask = 2147483647;
			files = (
			);
			runOnlyForDeploymentPostprocessing = 0;
		};
		6EBCF7572BEA906900D07C61 /* Frameworks */ = {
			isa = PBXFrameworksBuildPhase;
			buildActionMask = 2147483647;
			files = (
			);
			runOnlyForDeploymentPostprocessing = 0;
		};
/* End PBXFrameworksBuildPhase section */

/* Begin PBXGroup section */
		6EBCF7372BEA905F00D07C61 = {
			isa = PBXGroup;
			children = (
				6EBCF7422BEA906000D07C61 /* Injurapp */,
				6EBCF7532BEA906900D07C61 /* InjurappTests */,
				6EBCF7412BEA906000D07C61 /* Products */,
			);
			sourceTree = "<group>";
		};
		6EBCF7412BEA906000D07C61 /* Products */ = {
			isa = PBXGroup;
			children = (
				6EBCF7402BEA906000D07C61 /* Injurapp.app */,
				6EBCF7502BEA906900D07C61 /* InjurappTests.xctest */,
				6EBCF75A2BEA906900D07C61 /* InjurappUITests.xctest */,
			);
			name = Products;
			sourceTree = "<group>";
		};
		6EBCF7422BEA906000D07C61 /* Injurapp */ = {
			isa = PBXGroup;
			children = (
				6EBCF7432BEA906000D07C61 /* InjurappApp.swift */,
				6EBCF7452BEA906000D07C61 /* ContentView.swift */,
				6EBCF7472BEA906800D07C61 /* Assets.xcassets */,
				6EBCF7492BEA906800D07C61 /* Preview Content */,
			);
			path = Injurapp;
			sourceTree = "<group>";
		};
		6EBCF7492BEA906800D07C61 /* Preview Content */ = {
			isa = PBXGroup;
			children = (
				6EBCF74A2BEA906800D07C61 /* Preview Assets.xcassets */,
			);
			path = "Preview Content";
			sourceTree = "<group>";
		};
		6EBCF7532BEA906900D07C61 /* InjurappTests */ = {
			isa = PBXGroup;
			children = (
				6EBCF7542BEA906900D07C61 /* InjurappTests.swift */,
			);
			path = InjurappTests;
			sourceTree = "<group>";
		};
/* End PBXGroup section */

/* Begin PBXNativeTarget section */
		6EBCF73F2BEA906000D07C61 /* Injurapp */ = {
			isa = PBXNativeTarget;
			buildConfigurationList = 6EBCF7642BEA906900D07C61 /* Build configuration list for PBXNativeTarget "Injurapp" */;
			buildPhases = (
				6EBCF73C2BEA906000D07C61 /* Sources */,
				6EBCF73D2BEA906000D07C61 /* Frameworks */,
				6EBCF73E2BEA906000D07C61 /* Resources */,
			);
			buildRules = (
			);
			dependencies = (
			);
			name = Injurapp;
			productName = Injurapp;
			productReference = 6EBCF7402BEA906000D07C61 /* Injurapp.app */;
			productType = "com.apple.product-type.application";
		};
		6EBCF74F2BEA906900D07C61 /* InjurappTests */ = {
			isa = PBXNativeTarget;
			buildConfigurationList = 6EBCF7672BEA906900D07C61 /* Build configuration list for PBXNativeTarget "InjurappTests" */;
			buildPhases = (
				6EBCF74C2BEA906900D07C61 /* Sources */,
				6EBCF74D2BEA906900D07C61 /* Frameworks */,
				6EBCF74E2BEA906900D07C61 /* Resources */,
			);
			buildRules = (
			);
			dependencies = (
				6EBCF7522BEA906900D07C61 /* PBXTargetDependency */,
			);
			name = InjurappTests;
			productName = InjurappTests;
			productReference = 6EBCF7502BEA906900D07C61 /* InjurappTests.xctest */;
			productType = "com.apple.product-type.bundle.unit-test";
		};
		6EBCF7592BEA906900D07C61 /* InjurappUITests */ = {
			isa = PBXNativeTarget;
			buildConfigurationList = 6EBCF76A2BEA906900D07C61 /* Build configuration list for PBXNativeTarget "InjurappUITests" */;
			buildPhases = (
				6EBCF7562BEA906900D07C61 /* Sources */,
				6EBCF7572BEA906900D07C61 /* Frameworks */,
				6EBCF7582BEA906900D07C61 /* Resources */,
			);
			buildRules = (
			);
			dependencies = (
				6EBCF75C2BEA906900D07C61 /* PBXTargetDependency */,
			);
			name = InjurappUITests;
			productName = InjurappUITests;
			productReference = 6EBCF75A2BEA906900D07C61 /* InjurappUITests.xctest */;
			productType = "com.apple.product-type.bundle.ui-testing";
		};
/* End PBXNativeTarget section */

/* Begin PBXProject section */
		6EBCF7382BEA906000D07C61 /* Project object */ = {
			isa = PBXProject;
			attributes = {
				BuildIndependentTargetsInParallel = 1;
				LastSwiftUpdateCheck = 1320;
				LastUpgradeCheck = 1320;
				TargetAttributes = {
					6EBCF73F2BEA906000D07C61 = {
						CreatedOnToolsVersion = 13.2;
					};
					6EBCF74F2BEA906900D07C61 = {
						CreatedOnToolsVersion = 13.2;
						TestTargetID = 6EBCF73F2BEA906000D07C61;
					};
					6EBCF7592BEA906900D07C61 = {
						CreatedOnToolsVersion = 13.2;
						TestTargetID = 6EBCF73F2BEA906000D07C61;
					};
				};
			};
			buildConfigurationList = 6EBCF73B2BEA906000D07C61 /* Build configuration list for PBXProject "Injurapp" */;
			compatibilityVersion = "Xcode 13.0";
			developmentRegion = en;
			hasScannedForEncodings = 0;
			knownRegions = (
				en,
				Base,
			);
			mainGroup = 6EBCF7372BEA905F00D07C61;
			productRefGroup = 6EBCF7412BEA906000D07C61 /* Products */;
			projectDirPath = "";
			projectRoot = "";
			targets = (
				6EBCF73F2BEA906000D07C61 /* Injurapp */,
				6EBCF74F2BEA906900D07C61 /* InjurappTests */,
				6EBCF7592BEA906900D07C61 /* InjurappUITests */,
			);
		};
/* End PBXProject section */

/* Begin PBXResourcesBuildPhase section */
		6EBCF73E2BEA906000D07C61 /* Resources */ = {
			isa = PBXResourcesBuildPhase;
			buildActionMask = 2147483647;
			files = (
				6EBCF74B2BEA906800D07C61 /* Preview Assets.xcassets in Resources */,
				6EBCF7482BEA906800D07C61 /* Assets.xcassets in Resources */,
			);
			runOnlyForDeploymentPostprocessing = 0;
		};
		6EBCF74E2BEA906900D07C61 /* Resources */ = {
			isa = PBXResourcesBuildPhase;
			buildActionMask = 2147483647;
			files = (
			);
			runOnlyForDeploymentPostprocessing = 0;
		};
		6EBCF7582BEA906900D07C61 /* Resources */ = {
			isa = PBXResourcesBuildPhase;
			buildActionMask = 2147483647;
			files = (
			);
			runOnlyForDeploymentPostprocessing = 0;
		};
/* End PBXResourcesBuildPhase section */

/* Begin PBXSourcesBuildPhase section */
		6EBCF73C2BEA906000D07C61 /* Sources */ = {
			isa = PBXSourcesBuildPhase;
			buildActionMask = 2147483647;
			files = (
				6EBCF7462BEA906000D07C61 /* ContentView.swift in Sources */,
				6EBCF7442BEA906000D07C61 /* InjurappApp.swift in Sources */,
			);
			runOnlyForDeploymentPostprocessing = 0;
		};
		6EBCF74C2BEA906900D07C61 /* Sources */ = {
			isa = PBXSourcesBuildPhase;
			buildActionMask = 2147483647;
			files = (
				6EBCF7552BEA906900D07C61 /* InjurappTests.swift in Sources */,
			);
			runOnlyForDeploymentPostprocessing = 0;
		};
		6EBCF7562BEA906900D07C61 /* Sources */ = {
			isa = PBXSourcesBuildPhase;
			buildActionMask = 2147483647;
			files = (
			);
			runOnlyForDeploymentPostprocessing = 0;
		};
/* End PBXSourcesBuildPhase section */

/* Begin PBXTargetDependency section */
		6EBCF7522BEA906900D07C61 /* PBXTargetDependency */ = {
			isa = PBXTargetDependency;
			target = 6EBCF73F2BEA906000D07C61 /* Injurapp */;
			targetProxy = 6EBCF7512BEA906900D07C61 /* PBXContainerItemProxy */;
		};
		6EBCF75C2BEA906900D07C61 /* PBXTargetDependency */ = {
			isa = PBXTargetDependency;
			target = 6EBCF73F2BEA906000D07C61 /* Injurapp */;
			targetProxy = 6EBCF75B2BEA906900D07C61 /* PBXContainerItemProxy */;
		};
/* End PBXTargetDependency section */

/* Begin XCBuildConfiguration section */
		6EBCF7622BEA906900D07C61 /* Debug */ = {
			isa = XCBuildConfiguration;
			buildSettings = {
				ALWAYS_SEARCH_USER_PATHS = NO;
				CLANG_ANALYZER_NONNULL = YES;
				CLANG_ANALYZER_NUMBER_OBJECT_CONVERSION = YES_AGGRESSIVE;
				CLANG_CXX_LANGUAGE_STANDARD = "gnu++17";
				CLANG_CXX_LIBRARY = "libc++";
				CLANG_ENABLE_MODULES = YES;
				CLANG_ENABLE_OBJC_ARC = YES;
				CLANG_ENABLE_OBJC_WEAK = YES;
				CLANG_WARN_BLOCK_CAPTURE_AUTORELEASING = YES;
				CLANG_WARN_BOOL_CONVERSION = YES;
				CLANG_WARN_COMMA = YES;
				CLANG_WARN_CONSTANT_CONVERSION = YES;
				CLANG_WARN_DEPRECATED_OBJC_IMPLEMENTATIONS = YES;
				CLANG_WARN_DIRECT_OBJC_ISA_USAGE = YES_ERROR;
				CLANG_WARN_DOCUMENTATION_COMMENTS = YES;
				CLANG_WARN_EMPTY_BODY = YES;
				CLANG_WARN_ENUM_CONVERSION = YES;
				CLANG_WARN_INFINITE_RECURSION = YES;
				CLANG_WARN_INT_CONVERSION = YES;
				CLANG_WARN_NON_LITERAL_NULL_CONVERSION = YES;
				CLANG_WARN_OBJC_IMPLICIT_RETAIN_SELF = YES;
				CLANG_WARN_OBJC_LITERAL_CONVERSION = YES;
				CLANG_WARN_OBJC_ROOT_CLASS = YES_ERROR;
				CLANG_WARN_QUOTED_INCLUDE_IN_FRAMEWORK_HEADER = YES;
				CLANG_WARN_RANGE_LOOP_ANALYSIS = YES;
				CLANG_WARN_STRICT_PROTOTYPES = YES;
				CLANG_WARN_SUSPICIOUS_MOVE = YES;
				CLANG_WARN_UNGUARDED_AVAILABILITY = YES_AGGRESSIVE;
				CLANG_WARN_UNREACHABLE_CODE = YES;
				CLANG_WARN__DUPLICATE_METHOD_MATCH = YES;
				COPY_PHASE_STRIP = NO;
				DEBUG_INFORMATION_FORMAT = dwarf;
				ENABLE_STRICT_OBJC_MSGSEND = YES;
				ENABLE_TESTABILITY = YES;
				GCC_C_LANGUAGE_STANDARD = gnu11;
				GCC_DYNAMIC_NO_PIC = NO;
				GCC_NO_COMMON_BLOCKS = YES;
				GCC_OPTIMIZATION_LEVEL = 0;
				GCC_PREPROCESSOR_DEFINITIONS = (
					"DEBUG=1",
					"$(inherited)",
				);
				GCC_WARN_64_TO_32_BIT_CONVERSION = YES;
				GCC_WARN_ABOUT_RETURN_TYPE = YES_ERROR;
				GCC_WARN_UNDECLARED_SELECTOR = YES;
				GCC_WARN_UNINITIALIZED_AUTOS = YES_AGGRESSIVE;
				GCC_WARN_UNUSED_FUNCTION = YES;
				GCC_WARN_UNUSED_VARIABLE = YES;
				IPHONEOS_DEPLOYMENT_TARGET = 15.2;
				MTL_ENABLE_DEBUG_INFO = INCLUDE_SOURCE;
				MTL_FAST_MATH = YES;
				ONLY_ACTIVE_ARCH = YES;
				SDKROOT = iphoneos;
				SWIFT_ACTIVE_COMPILATION_CONDITIONS = DEBUG;
				SWIFT_OPTIMIZATION_LEVEL = "-Onone";
			};
			name = Debug;
		};
		6EBCF7632BEA906900D07C61 /* Release */ = {
			isa = XCBuildConfiguration;
			buildSettings = {
				ALWAYS_SEARCH_USER_PATHS = NO;
				CLANG_ANALYZER_NONNULL = YES;
				CLANG_ANALYZER_NUMBER_OBJECT_CONVERSION = YES_AGGRESSIVE;
				CLANG_CXX_LANGUAGE_STANDARD = "gnu++17";
				CLANG_CXX_LIBRARY = "libc++";
				CLANG_ENABLE_MODULES = YES;
				CLANG_ENABLE_OBJC_ARC = YES;
				CLANG_ENABLE_OBJC_WEAK = YES;
				CLANG_WARN_BLOCK_CAPTURE_AUTORELEASING = YES;
				CLANG_WARN_BOOL_CONVERSION = YES;
				CLANG_WARN_COMMA = YES;
				CLANG_WARN_CONSTANT_CONVERSION = YES;
				CLANG_WARN_DEPRECATED_OBJC_IMPLEMENTATIONS = YES;
				CLANG_WARN_DIRECT_OBJC_ISA_USAGE = YES_ERROR;
				CLANG_WARN_DOCUMENTATION_COMMENTS = YES;
				CLANG_WARN_EMPTY_BODY = YES;
				CLANG_WARN_ENUM_CONVERSION = YES;
				CLANG_WARN_INFINITE_RECURSION = YES;
				CLANG_WARN_INT_CONVERSION = YES;
				CLANG_WARN_NON_LITERAL_NULL_CONVERSION = YES;
				CLANG_WARN_OBJC_IMPLICIT_RETAIN_SELF = YES;
				CLANG_WARN_OBJC_LITERAL_CONVERSION = YES;
				CLANG_WARN_OBJC_ROOT_CLASS = YES_ERROR;
				CLANG_WARN_QUOTED_INCLUDE_IN_FRAMEWORK_HEADER = YES;
				CLANG_WARN_RANGE_LOOP_ANALYSIS = YES;
				CLANG_WARN_STRICT_PROTOTYPES = YES;
				CLANG_WARN_SUSPICIOUS_MOVE = YES;
				CLANG_WARN_UNGUARDED_AVAILABILITY = YES_AGGRESSIVE;
				CLANG_WARN_UNREACHABLE_CODE = YES;
				CLANG_WARN__DUPLICATE_METHOD_MATCH = YES;
				COPY_PHASE_STRIP = NO;
				DEBUG_INFORMATION_FORMAT = "dwarf-with-dsym";
				ENABLE_NS_ASSERTIONS = NO;
				ENABLE_STRICT_OBJC_MSGSEND = YES;
				GCC_C_LANGUAGE_STANDARD = gnu11;
				GCC_NO_COMMON_BLOCKS = YES;
				GCC_WARN_64_TO_32_BIT_CONVERSION = YES;
				GCC_WARN_ABOUT_RETURN_TYPE = YES_ERROR;
				GCC_WARN_UNDECLARED_SELECTOR = YES;
				GCC_WARN_UNINITIALIZED_AUTOS = YES_AGGRESSIVE;
				GCC_WARN_UNUSED_FUNCTION = YES;
				GCC_WARN_UNUSED_VARIABLE = YES;
				IPHONEOS_DEPLOYMENT_TARGET = 15.2;
				MTL_ENABLE_DEBUG_INFO = NO;
				MTL_FAST_MATH = YES;
				SDKROOT = iphoneos;
				SWIFT_COMPILATION_MODE = wholemodule;
				SWIFT_OPTIMIZATION_LEVEL = "-O";
				VALIDATE_PRODUCT = YES;
			};
			name = Release;
		};
		6EBCF7652BEA906900D07C61 /* Debug */ = {
			isa = XCBuildConfiguration;
			buildSettings = {
				ASSETCATALOG_COMPILER_APPICON_NAME = AppIcon;
				ASSETCATALOG_COMPILER_GLOBAL_ACCENT_COLOR_NAME = AccentColor;
				CODE_SIGN_STYLE = Automatic;
				CURRENT_PROJECT_VERSION = 1;
				DEVELOPMENT_ASSET_PATHS = "\"Injurapp/Preview Content\"";
				DEVELOPMENT_TEAM = 49SA3PV5N8;
				ENABLE_PREVIEWS = YES;
				GENERATE_INFOPLIST_FILE = YES;
				INFOPLIST_KEY_UIApplicationSceneManifest_Generation = YES;
				INFOPLIST_KEY_UIApplicationSupportsIndirectInputEvents = YES;
				INFOPLIST_KEY_UILaunchScreen_Generation = YES;
				INFOPLIST_KEY_UISupportedInterfaceOrientations_iPad = "UIInterfaceOrientationPortrait UIInterfaceOrientationPortraitUpsideDown UIInterfaceOrientationLandscapeLeft UIInterfaceOrientationLandscapeRight";
				INFOPLIST_KEY_UISupportedInterfaceOrientations_iPhone = "UIInterfaceOrientationPortrait UIInterfaceOrientationLandscapeLeft UIInterfaceOrientationLandscapeRight";
				LD_RUNPATH_SEARCH_PATHS = (
					"$(inherited)",
					"@executable_path/Frameworks",
				);
				MARKETING_VERSION = 1.0;
				PRODUCT_BUNDLE_IDENTIFIER = com.Pablo.Injurapp;
				PRODUCT_NAME = "$(TARGET_NAME)";
				SWIFT_EMIT_LOC_STRINGS = YES;
				SWIFT_VERSION = 5.0;
				TARGETED_DEVICE_FAMILY = "1,2";
			};
			name = Debug;
		};
		6EBCF7662BEA906900D07C61 /* Release */ = {
			isa = XCBuildConfiguration;
			buildSettings = {
				ASSETCATALOG_COMPILER_APPICON_NAME = AppIcon;
				ASSETCATALOG_COMPILER_GLOBAL_ACCENT_COLOR_NAME = AccentColor;
				CODE_SIGN_STYLE = Automatic;
				CURRENT_PROJECT_VERSION = 1;
				DEVELOPMENT_ASSET_PATHS = "\"Injurapp/Preview Content\"";
				DEVELOPMENT_TEAM = 49SA3PV5N8;
				ENABLE_PREVIEWS = YES;
				GENERATE_INFOPLIST_FILE = YES;
				INFOPLIST_KEY_UIApplicationSceneManifest_Generation = YES;
				INFOPLIST_KEY_UIApplicationSupportsIndirectInputEvents = YES;
				INFOPLIST_KEY_UILaunchScreen_Generation = YES;
				INFOPLIST_KEY_UISupportedInterfaceOrientations_iPad = "UIInterfaceOrientationPortrait UIInterfaceOrientationPortraitUpsideDown UIInterfaceOrientationLandscapeLeft UIInterfaceOrientationLandscapeRight";
				INFOPLIST_KEY_UISupportedInterfaceOrientations_iPhone = "UIInterfaceOrientationPortrait UIInterfaceOrientationLandscapeLeft UIInterfaceOrientationLandscapeRight";
				LD_RUNPATH_SEARCH_PATHS = (
					"$(inherited)",
					"@executable_path/Frameworks",
				);
				MARKETING_VERSION = 1.0;
				PRODUCT_BUNDLE_IDENTIFIER = com.Pablo.Injurapp;
				PRODUCT_NAME = "$(TARGET_NAME)";
				SWIFT_EMIT_LOC_STRINGS = YES;
				SWIFT_VERSION = 5.0;
				TARGETED_DEVICE_FAMILY = "1,2";
			};
			name = Release;
		};
		6EBCF7682BEA906900D07C61 /* Debug */ = {
			isa = XCBuildConfiguration;
			buildSettings = {
				ALWAYS_EMBED_SWIFT_STANDARD_LIBRARIES = YES;
				BUNDLE_LOADER = "$(TEST_HOST)";
				CODE_SIGN_STYLE = Automatic;
				CURRENT_PROJECT_VERSION = 1;
				DEVELOPMENT_TEAM = 49SA3PV5N8;
				GENERATE_INFOPLIST_FILE = YES;
				IPHONEOS_DEPLOYMENT_TARGET = 15.2;
				MARKETING_VERSION = 1.0;
				PRODUCT_BUNDLE_IDENTIFIER = com.Pablo.InjurappTests;
				PRODUCT_NAME = "$(TARGET_NAME)";
				SWIFT_EMIT_LOC_STRINGS = NO;
				SWIFT_VERSION = 5.0;
				TARGETED_DEVICE_FAMILY = "1,2";
				TEST_HOST = "$(BUILT_PRODUCTS_DIR)/Injurapp.app/Injurapp";
			};
			name = Debug;
		};
		6EBCF7692BEA906900D07C61 /* Release */ = {
			isa = XCBuildConfiguration;
			buildSettings = {
				ALWAYS_EMBED_SWIFT_STANDARD_LIBRARIES = YES;
				BUNDLE_LOADER = "$(TEST_HOST)";
				CODE_SIGN_STYLE = Automatic;
				CURRENT_PROJECT_VERSION = 1;
				DEVELOPMENT_TEAM = 49SA3PV5N8;
				GENERATE_INFOPLIST_FILE = YES;
				IPHONEOS_DEPLOYMENT_TARGET = 15.2;
				MARKETING_VERSION = 1.0;
				PRODUCT_BUNDLE_IDENTIFIER = com.Pablo.InjurappTests;
				PRODUCT_NAME = "$(TARGET_NAME)";
				SWIFT_EMIT_LOC_STRINGS = NO;
				SWIFT_VERSION = 5.0;
				TARGETED_DEVICE_FAMILY = "1,2";
				TEST_HOST = "$(BUILT_PRODUCTS_DIR)/Injurapp.app/Injurapp";
			};
			name = Release;
		};
		6EBCF76B2BEA906900D07C61 /* Debug */ = {
			isa = XCBuildConfiguration;
			buildSettings = {
				ALWAYS_EMBED_SWIFT_STANDARD_LIBRARIES = YES;
				CODE_SIGN_STYLE = Automatic;
				CURRENT_PROJECT_VERSION = 1;
				DEVELOPMENT_TEAM = 49SA3PV5N8;
				GENERATE_INFOPLIST_FILE = YES;
				MARKETING_VERSION = 1.0;
				PRODUCT_BUNDLE_IDENTIFIER = com.Pablo.InjurappUITests;
				PRODUCT_NAME = "$(TARGET_NAME)";
				SWIFT_EMIT_LOC_STRINGS = NO;
				SWIFT_VERSION = 5.0;
				TARGETED_DEVICE_FAMILY = "1,2";
				TEST_TARGET_NAME = Injurapp;
			};
			name = Debug;
		};
		6EBCF76C2BEA906900D07C61 /* Release */ = {
			isa = XCBuildConfiguration;
			buildSettings = {
				ALWAYS_EMBED_SWIFT_STANDARD_LIBRARIES = YES;
				CODE_SIGN_STYLE = Automatic;
				CURRENT_PROJECT_VERSION = 1;
				DEVELOPMENT_TEAM = 49SA3PV5N8;
				GENERATE_INFOPLIST_FILE = YES;
				MARKETING_VERSION = 1.0;
				PRODUCT_BUNDLE_IDENTIFIER = com.Pablo.InjurappUITests;
				PRODUCT_NAME = "$(TARGET_NAME)";
				SWIFT_EMIT_LOC_STRINGS = NO;
				SWIFT_VERSION = 5.0;
				TARGETED_DEVICE_FAMILY = "1,2";
				TEST_TARGET_NAME = Injurapp;
			};
			name = Release;
		};
/* End XCBuildConfiguration section */

/* Begin XCConfigurationList section */
		6EBCF73B2BEA906000D07C61 /* Build configuration list for PBXProject "Injurapp" */ = {
			isa = XCConfigurationList;
			buildConfigurations = (
				6EBCF7622BEA906900D07C61 /* Debug */,
				6EBCF7632BEA906900D07C61 /* Release */,
			);
			defaultConfigurationIsVisible = 0;
			defaultConfigurationName = Release;
		};
		6EBCF7642BEA906900D07C61 /* Build configuration list for PBXNativeTarget "Injurapp" */ = {
			isa = XCConfigurationList;
			buildConfigurations = (
				6EBCF7652BEA906900D07C61 /* Debug */,
				6EBCF7662BEA906900D07C61 /* Release */,
			);
			defaultConfigurationIsVisible = 0;
			defaultConfigurationName = Release;
		};
		6EBCF7672BEA906900D07C61 /* Build configuration list for PBXNativeTarget "InjurappTests" */ = {
			isa = XCConfigurationList;
			buildConfigurations = (
				6EBCF7682BEA906900D07C61 /* Debug */,
				6EBCF7692BEA906900D07C61 /* Release */,
			);
			defaultConfigurationIsVisible = 0;
			defaultConfigurationName = Release;
		};
		6EBCF76A2BEA906900D07C61 /* Build configuration list for PBXNativeTarget "InjurappUITests" */ = {
			isa = XCConfigurationList;
			buildConfigurations = (
				6EBCF76B2BEA906900D07C61 /* Debug */,
				6EBCF76C2BEA906900D07C61 /* Release */,
			);
			defaultConfigurationIsVisible = 0;
			defaultConfigurationName = Release;
		};
/* End XCConfigurationList section */
	};
	rootObject = 6EBCF7382BEA906000D07C61 /* Project object */;
}
